
Microsoft Visual Studio Solution File, Format Version 12.00
# Visual Studio Version 16
VisualStudioVersion = 16.0.32002.261
MinimumVisualStudioVersion = 10.0.40219.1
Project("{FAE04EC0-301F-11D3-BF4B-00C04F79EFBC}") = "AuthenticationService", "AuthenticationService\AuthenticationService.csproj", "{2590FEEC-A760-4870-9D8C-A30DD5AC54A8}"
EndProject
Global
	GlobalSection(SolutionConfigurationPlatforms) = preSolution
		Debug|Any CPU = Debug|Any CPU
		Release|Any CPU = Release|Any CPU
	EndGlobalSection
	GlobalSection(ProjectConfigurationPlatforms) = postSolution
		{2590FEEC-A760-4870-9D8C-A30DD5AC54A8}.Debug|Any CPU.ActiveCfg = Debug|Any CPU
		{2590FEEC-A760-4870-9D8C-A30DD5AC54A8}.Debug|Any CPU.Build.0 = Debug|Any CPU
		{2590FEEC-A760-4870-9D8C-A30DD5AC54A8}.Release|Any CPU.ActiveCfg = Release|Any CPU
		{2590FEEC-A760-4870-9D8C-A30DD5AC54A8}.Release|Any CPU.Build.0 = Release|Any CPU
	EndGlobalSection
	GlobalSection(SolutionProperties) = preSolution
		HideSolutionNode = FALSE
	EndGlobalSection
	GlobalSection(ExtensibilityGlobals) = postSolution
		SolutionGuid = {45E071BD-C24D-4FFC-84A6-872162143BBB}
	EndGlobalSection
EndGlobal
